// !$*UTF8*$!
{
	archiveVersion = 1;
	classes = {
	};
	objectVersion = 46;
	objects = {

/* Begin PBXBuildFile section */
		9E08AF081F5D53C100AC96F9 /* main.m in Sources */ = {isa = PBXBuildFile; fileRef = 9E08AF071F5D53C100AC96F9 /* main.m */; };
		9E08AF0B1F5D53C100AC96F9 /* AppDelegate.m in Sources */ = {isa = PBXBuildFile; fileRef = 9E08AF0A1F5D53C100AC96F9 /* AppDelegate.m */; };
		9E08AF0E1F5D53C100AC96F9 /* ViewController.m in Sources */ = {isa = PBXBuildFile; fileRef = 9E08AF0D1F5D53C100AC96F9 /* ViewController.m */; };
		9E08AF111F5D53C100AC96F9 /* Main.storyboard in Resources */ = {isa = PBXBuildFile; fileRef = 9E08AF0F1F5D53C100AC96F9 /* Main.storyboard */; };
		9E08AF131F5D53C100AC96F9 /* Assets.xcassets in Resources */ = {isa = PBXBuildFile; fileRef = 9E08AF121F5D53C100AC96F9 /* Assets.xcassets */; };
		9E08AF161F5D53C100AC96F9 /* LaunchScreen.storyboard in Resources */ = {isa = PBXBuildFile; fileRef = 9E08AF141F5D53C100AC96F9 /* LaunchScreen.storyboard */; };
		9E08AF211F5D53C100AC96F9 /* HJDFMDownloadTests.m in Sources */ = {isa = PBXBuildFile; fileRef = 9E08AF201F5D53C100AC96F9 /* HJDFMDownloadTests.m */; };
		9E08AF2C1F5D53C100AC96F9 /* HJDFMDownloadUITests.m in Sources */ = {isa = PBXBuildFile; fileRef = 9E08AF2B1F5D53C100AC96F9 /* HJDFMDownloadUITests.m */; };
		9E08AF421F5D567C00AC96F9 /* HJDDownloader.m in Sources */ = {isa = PBXBuildFile; fileRef = 9E08AF411F5D567C00AC96F9 /* HJDDownloader.m */; };
		9E3206C61F60DC6D00897CD3 /* HJDDownLoadManger.m in Sources */ = {isa = PBXBuildFile; fileRef = 9E3206C51F60DC6D00897CD3 /* HJDDownLoadManger.m */; };
		9E3206C91F60DCB000897CD3 /* NSString+HJDMD5.m in Sources */ = {isa = PBXBuildFile; fileRef = 9E3206C81F60DCB000897CD3 /* NSString+HJDMD5.m */; };
		9EF06E991F5E9CDF0027D4C7 /* HJDFileTool.m in Sources */ = {isa = PBXBuildFile; fileRef = 9EF06E981F5E9CDF0027D4C7 /* HJDFileTool.m */; };
/* End PBXBuildFile section */

/* Begin PBXContainerItemProxy section */
		9E08AF1D1F5D53C100AC96F9 /* PBXContainerItemProxy */ = {
			isa = PBXContainerItemProxy;
			containerPortal = 9E08AEFB1F5D53C100AC96F9 /* Project object */;
			proxyType = 1;
			remoteGlobalIDString = 9E08AF021F5D53C100AC96F9;
			remoteInfo = HJDFMDownload;
		};
		9E08AF281F5D53C100AC96F9 /* PBXContainerItemProxy */ = {
			isa = PBXContainerItemProxy;
			containerPortal = 9E08AEFB1F5D53C100AC96F9 /* Project object */;
			proxyType = 1;
			remoteGlobalIDString = 9E08AF021F5D53C100AC96F9;
			remoteInfo = HJDFMDownload;
		};
/* End PBXContainerItemProxy section */

/* Begin PBXFileReference section */
		9E08AF031F5D53C100AC96F9 /* HJDFMDownload.app */ = {isa = PBXFileReference; explicitFileType = wrapper.application; includeInIndex = 0; path = HJDFMDownload.app; sourceTree = BUILT_PRODUCTS_DIR; };
		9E08AF071F5D53C100AC96F9 /* main.m */ = {isa = PBXFileReference; lastKnownFileType = sourcecode.c.objc; path = main.m; sourceTree = "<group>"; };
		9E08AF091F5D53C100AC96F9 /* AppDelegate.h */ = {isa = PBXFileReference; lastKnownFileType = sourcecode.c.h; path = AppDelegate.h; sourceTree = "<group>"; };
		9E08AF0A1F5D53C100AC96F9 /* AppDelegate.m */ = {isa = PBXFileReference; lastKnownFileType = sourcecode.c.objc; path = AppDelegate.m; sourceTree = "<group>"; };
		9E08AF0C1F5D53C100AC96F9 /* ViewController.h */ = {isa = PBXFileReference; lastKnownFileType = sourcecode.c.h; path = ViewController.h; sourceTree = "<group>"; };
		9E08AF0D1F5D53C100AC96F9 /* ViewController.m */ = {isa = PBXFileReference; lastKnownFileType = sourcecode.c.objc; path = ViewController.m; sourceTree = "<group>"; };
		9E08AF101F5D53C100AC96F9 /* Base */ = {isa = PBXFileReference; lastKnownFileType = file.storyboard; name = Base; path = Base.lproj/Main.storyboard; sourceTree = "<group>"; };
		9E08AF121F5D53C100AC96F9 /* Assets.xcassets */ = {isa = PBXFileReference; lastKnownFileType = folder.assetcatalog; path = Assets.xcassets; sourceTree = "<group>"; };
		9E08AF151F5D53C100AC96F9 /* Base */ = {isa = PBXFileReference; lastKnownFileType = file.storyboard; name = Base; path = Base.lproj/LaunchScreen.storyboard; sourceTree = "<group>"; };
		9E08AF171F5D53C100AC96F9 /* Info.plist */ = {isa = PBXFileReference; lastKnownFileType = text.plist.xml; path = Info.plist; sourceTree = "<group>"; };
		9E08AF1C1F5D53C100AC96F9 /* HJDFMDownloadTests.xctest */ = {isa = PBXFileReference; explicitFileType = wrapper.cfbundle; includeInIndex = 0; path = HJDFMDownloadTests.xctest; sourceTree = BUILT_PRODUCTS_DIR; };
		9E08AF201F5D53C100AC96F9 /* HJDFMDownloadTests.m */ = {isa = PBXFileReference; lastKnownFileType = sourcecode.c.objc; path = HJDFMDownloadTests.m; sourceTree = "<group>"; };
		9E08AF221F5D53C100AC96F9 /* Info.plist */ = {isa = PBXFileReference; lastKnownFileType = text.plist.xml; path = Info.plist; sourceTree = "<group>"; };
		9E08AF271F5D53C100AC96F9 /* HJDFMDownloadUITests.xctest */ = {isa = PBXFileReference; explicitFileType = wrapper.cfbundle; includeInIndex = 0; path = HJDFMDownloadUITests.xctest; sourceTree = BUILT_PRODUCTS_DIR; };
		9E08AF2B1F5D53C100AC96F9 /* HJDFMDownloadUITests.m */ = {isa = PBXFileReference; lastKnownFileType = sourcecode.c.objc; path = HJDFMDownloadUITests.m; sourceTree = "<group>"; };
		9E08AF2D1F5D53C100AC96F9 /* Info.plist */ = {isa = PBXFileReference; lastKnownFileType = text.plist.xml; path = Info.plist; sourceTree = "<group>"; };
		9E08AF401F5D567C00AC96F9 /* HJDDownloader.h */ = {isa = PBXFileReference; fileEncoding = 4; lastKnownFileType = sourcecode.c.h; path = HJDDownloader.h; sourceTree = "<group>"; };
		9E08AF411F5D567C00AC96F9 /* HJDDownloader.m */ = {isa = PBXFileReference; fileEncoding = 4; lastKnownFileType = sourcecode.c.objc; path = HJDDownloader.m; sourceTree = "<group>"; };
		9E3206C41F60DC6D00897CD3 /* HJDDownLoadManger.h */ = {isa = PBXFileReference; fileEncoding = 4; lastKnownFileType = sourcecode.c.h; path = HJDDownLoadManger.h; sourceTree = "<group>"; };
		9E3206C51F60DC6D00897CD3 /* HJDDownLoadManger.m */ = {isa = PBXFileReference; fileEncoding = 4; lastKnownFileType = sourcecode.c.objc; path = HJDDownLoadManger.m; sourceTree = "<group>"; };
		9E3206C71F60DCB000897CD3 /* NSString+HJDMD5.h */ = {isa = PBXFileReference; fileEncoding = 4; lastKnownFileType = sourcecode.c.h; path = "NSString+HJDMD5.h"; sourceTree = "<group>"; };
		9E3206C81F60DCB000897CD3 /* NSString+HJDMD5.m */ = {isa = PBXFileReference; fileEncoding = 4; lastKnownFileType = sourcecode.c.objc; path = "NSString+HJDMD5.m"; sourceTree = "<group>"; };
		9EF06E971F5E9CDF0027D4C7 /* HJDFileTool.h */ = {isa = PBXFileReference; fileEncoding = 4; lastKnownFileType = sourcecode.c.h; path = HJDFileTool.h; sourceTree = "<group>"; };
		9EF06E981F5E9CDF0027D4C7 /* HJDFileTool.m */ = {isa = PBXFileReference; fileEncoding = 4; lastKnownFileType = sourcecode.c.objc; path = HJDFileTool.m; sourceTree = "<group>"; };
/* End PBXFileReference section */

/* Begin PBXFrameworksBuildPhase section */
		9E08AF001F5D53C100AC96F9 /* Frameworks */ = {
			isa = PBXFrameworksBuildPhase;
			buildActionMask = 2147483647;
			files = (
			);
			runOnlyForDeploymentPostprocessing = 0;
		};
		9E08AF191F5D53C100AC96F9 /* Frameworks */ = {
			isa = PBXFrameworksBuildPhase;
			buildActionMask = 2147483647;
			files = (
			);
			runOnlyForDeploymentPostprocessing = 0;
		};
		9E08AF241F5D53C100AC96F9 /* Frameworks */ = {
			isa = PBXFrameworksBuildPhase;
			buildActionMask = 2147483647;
			files = (
			);
			runOnlyForDeploymentPostprocessing = 0;
		};
/* End PBXFrameworksBuildPhase section */

/* Begin PBXGroup section */
		9E08AEFA1F5D53C100AC96F9 = {
			isa = PBXGroup;
			children = (
				9E08AF051F5D53C100AC96F9 /* HJDFMDownload */,
				9E08AF1F1F5D53C100AC96F9 /* HJDFMDownloadTests */,
				9E08AF2A1F5D53C100AC96F9 /* HJDFMDownloadUITests */,
				9E08AF041F5D53C100AC96F9 /* Products */,
			);
			sourceTree = "<group>";
		};
		9E08AF041F5D53C100AC96F9 /* Products */ = {
			isa = PBXGroup;
			children = (
				9E08AF031F5D53C100AC96F9 /* HJDFMDownload.app */,
				9E08AF1C1F5D53C100AC96F9 /* HJDFMDownloadTests.xctest */,
				9E08AF271F5D53C100AC96F9 /* HJDFMDownloadUITests.xctest */,
			);
			name = Products;
			sourceTree = "<group>";
		};
		9E08AF051F5D53C100AC96F9 /* HJDFMDownload */ = {
			isa = PBXGroup;
			children = (
				9E08AF3C1F5D540600AC96F9 /* Classes */,
				9E08AF091F5D53C100AC96F9 /* AppDelegate.h */,
				9E08AF0A1F5D53C100AC96F9 /* AppDelegate.m */,
				9E08AF0C1F5D53C100AC96F9 /* ViewController.h */,
				9E08AF0D1F5D53C100AC96F9 /* ViewController.m */,
				9E08AF0F1F5D53C100AC96F9 /* Main.storyboard */,
				9E08AF121F5D53C100AC96F9 /* Assets.xcassets */,
				9E08AF141F5D53C100AC96F9 /* LaunchScreen.storyboard */,
				9E08AF171F5D53C100AC96F9 /* Info.plist */,
				9E08AF061F5D53C100AC96F9 /* Supporting Files */,
			);
			path = HJDFMDownload;
			sourceTree = "<group>";
		};
		9E08AF061F5D53C100AC96F9 /* Supporting Files */ = {
			isa = PBXGroup;
			children = (
				9E08AF071F5D53C100AC96F9 /* main.m */,
			);
			name = "Supporting Files";
			sourceTree = "<group>";
		};
		9E08AF1F1F5D53C100AC96F9 /* HJDFMDownloadTests */ = {
			isa = PBXGroup;
			children = (
				9E08AF201F5D53C100AC96F9 /* HJDFMDownloadTests.m */,
				9E08AF221F5D53C100AC96F9 /* Info.plist */,
			);
			path = HJDFMDownloadTests;
			sourceTree = "<group>";
		};
		9E08AF2A1F5D53C100AC96F9 /* HJDFMDownloadUITests */ = {
			isa = PBXGroup;
			children = (
				9E08AF2B1F5D53C100AC96F9 /* HJDFMDownloadUITests.m */,
				9E08AF2D1F5D53C100AC96F9 /* Info.plist */,
			);
			path = HJDFMDownloadUITests;
			sourceTree = "<group>";
		};
		9E08AF3C1F5D540600AC96F9 /* Classes */ = {
			isa = PBXGroup;
			children = (
				9E08AF401F5D567C00AC96F9 /* HJDDownloader.h */,
				9E08AF411F5D567C00AC96F9 /* HJDDownloader.m */,
				9EF06E971F5E9CDF0027D4C7 /* HJDFileTool.h */,
				9EF06E981F5E9CDF0027D4C7 /* HJDFileTool.m */,
				9E3206C41F60DC6D00897CD3 /* HJDDownLoadManger.h */,
				9E3206C51F60DC6D00897CD3 /* HJDDownLoadManger.m */,
				9E3206C71F60DCB000897CD3 /* NSString+HJDMD5.h */,
				9E3206C81F60DCB000897CD3 /* NSString+HJDMD5.m */,
			);
			path = Classes;
			sourceTree = "<group>";
		};
/* End PBXGroup section */

/* Begin PBXNativeTarget section */
		9E08AF021F5D53C100AC96F9 /* HJDFMDownload */ = {
			isa = PBXNativeTarget;
			buildConfigurationList = 9E08AF301F5D53C100AC96F9 /* Build configuration list for PBXNativeTarget "HJDFMDownload" */;
			buildPhases = (
				9E08AEFF1F5D53C100AC96F9 /* Sources */,
				9E08AF001F5D53C100AC96F9 /* Frameworks */,
				9E08AF011F5D53C100AC96F9 /* Resources */,
			);
			buildRules = (
			);
			dependencies = (
			);
			name = HJDFMDownload;
			productName = HJDFMDownload;
			productReference = 9E08AF031F5D53C100AC96F9 /* HJDFMDownload.app */;
			productType = "com.apple.product-type.application";
		};
		9E08AF1B1F5D53C100AC96F9 /* HJDFMDownloadTests */ = {
			isa = PBXNativeTarget;
			buildConfigurationList = 9E08AF331F5D53C100AC96F9 /* Build configuration list for PBXNativeTarget "HJDFMDownloadTests" */;
			buildPhases = (
				9E08AF181F5D53C100AC96F9 /* Sources */,
				9E08AF191F5D53C100AC96F9 /* Frameworks */,
				9E08AF1A1F5D53C100AC96F9 /* Resources */,
			);
			buildRules = (
			);
			dependencies = (
				9E08AF1E1F5D53C100AC96F9 /* PBXTargetDependency */,
			);
			name = HJDFMDownloadTests;
			productName = HJDFMDownloadTests;
			productReference = 9E08AF1C1F5D53C100AC96F9 /* HJDFMDownloadTests.xctest */;
			productType = "com.apple.product-type.bundle.unit-test";
		};
		9E08AF261F5D53C100AC96F9 /* HJDFMDownloadUITests */ = {
			isa = PBXNativeTarget;
			buildConfigurationList = 9E08AF361F5D53C100AC96F9 /* Build configuration list for PBXNativeTarget "HJDFMDownloadUITests" */;
			buildPhases = (
				9E08AF231F5D53C100AC96F9 /* Sources */,
				9E08AF241F5D53C100AC96F9 /* Frameworks */,
				9E08AF251F5D53C100AC96F9 /* Resources */,
			);
			buildRules = (
			);
			dependencies = (
				9E08AF291F5D53C100AC96F9 /* PBXTargetDependency */,
			);
			name = HJDFMDownloadUITests;
			productName = HJDFMDownloadUITests;
			productReference = 9E08AF271F5D53C100AC96F9 /* HJDFMDownloadUITests.xctest */;
			productType = "com.apple.product-type.bundle.ui-testing";
		};
/* End PBXNativeTarget section */

/* Begin PBXProject section */
		9E08AEFB1F5D53C100AC96F9 /* Project object */ = {
			isa = PBXProject;
			attributes = {
				CLASSPREFIX = HJD;
				LastUpgradeCheck = 0810;
				ORGANIZATIONNAME = "胡金东";
				TargetAttributes = {
					9E08AF021F5D53C100AC96F9 = {
						CreatedOnToolsVersion = 8.1;
						DevelopmentTeam = F3WKH9T58E;
						ProvisioningStyle = Automatic;
					};
					9E08AF1B1F5D53C100AC96F9 = {
						CreatedOnToolsVersion = 8.1;
						DevelopmentTeam = F3WKH9T58E;
						ProvisioningStyle = Automatic;
						TestTargetID = 9E08AF021F5D53C100AC96F9;
					};
					9E08AF261F5D53C100AC96F9 = {
						CreatedOnToolsVersion = 8.1;
						DevelopmentTeam = F3WKH9T58E;
						ProvisioningStyle = Automatic;
						TestTargetID = 9E08AF021F5D53C100AC96F9;
					};
				};
			};
			buildConfigurationList = 9E08AEFE1F5D53C100AC96F9 /* Build configuration list for PBXProject "HJDFMDownload" */;
			compatibilityVersion = "Xcode 3.2";
			developmentRegion = English;
			hasScannedForEncodings = 0;
			knownRegions = (
				en,
				Base,
			);
			mainGroup = 9E08AEFA1F5D53C100AC96F9;
			productRefGroup = 9E08AF041F5D53C100AC96F9 /* Products */;
			projectDirPath = "";
			projectRoot = "";
			targets = (
				9E08AF021F5D53C100AC96F9 /* HJDFMDownload */,
				9E08AF1B1F5D53C100AC96F9 /* HJDFMDownloadTests */,
				9E08AF261F5D53C100AC96F9 /* HJDFMDownloadUITests */,
			);
		};
/* End PBXProject section */

/* Begin PBXResourcesBuildPhase section */
		9E08AF011F5D53C100AC96F9 /* Resources */ = {
			isa = PBXResourcesBuildPhase;
			buildActionMask = 2147483647;
			files = (
				9E08AF161F5D53C100AC96F9 /* LaunchScreen.storyboard in Resources */,
				9E08AF131F5D53C100AC96F9 /* Assets.xcassets in Resources */,
				9E08AF111F5D53C100AC96F9 /* Main.storyboard in Resources */,
			);
			runOnlyForDeploymentPostprocessing = 0;
		};
		9E08AF1A1F5D53C100AC96F9 /* Resources */ = {
			isa = PBXResourcesBuildPhase;
			buildActionMask = 2147483647;
			files = (
			);
			runOnlyForDeploymentPostprocessing = 0;
		};
		9E08AF251F5D53C100AC96F9 /* Resources */ = {
			isa = PBXResourcesBuildPhase;
			buildActionMask = 2147483647;
			files = (
			);
			runOnlyForDeploymentPostprocessing = 0;
		};
/* End PBXResourcesBuildPhase section */

/* Begin PBXSourcesBuildPhase section */
		9E08AEFF1F5D53C100AC96F9 /* Sources */ = {
			isa = PBXSourcesBuildPhase;
			buildActionMask = 2147483647;
			files = (
				9E08AF0E1F5D53C100AC96F9 /* ViewController.m in Sources */,
				9E08AF421F5D567C00AC96F9 /* HJDDownloader.m in Sources */,
				9E08AF0B1F5D53C100AC96F9 /* AppDelegate.m in Sources */,
				9E3206C91F60DCB000897CD3 /* NSString+HJDMD5.m in Sources */,
				9EF06E991F5E9CDF0027D4C7 /* HJDFileTool.m in Sources */,
				9E3206C61F60DC6D00897CD3 /* HJDDownLoadManger.m in Sources */,
				9E08AF081F5D53C100AC96F9 /* main.m in Sources */,
			);
			runOnlyForDeploymentPostprocessing = 0;
		};
		9E08AF181F5D53C100AC96F9 /* Sources */ = {
			isa = PBXSourcesBuildPhase;
			buildActionMask = 2147483647;
			files = (
				9E08AF211F5D53C100AC96F9 /* HJDFMDownloadTests.m in Sources */,
			);
			runOnlyForDeploymentPostprocessing = 0;
		};
		9E08AF231F5D53C100AC96F9 /* Sources */ = {
			isa = PBXSourcesBuildPhase;
			buildActionMask = 2147483647;
			files = (
				9E08AF2C1F5D53C100AC96F9 /* HJDFMDownloadUITests.m in Sources */,
			);
			runOnlyForDeploymentPostprocessing = 0;
		};
/* End PBXSourcesBuildPhase section */

/* Begin PBXTargetDependency section */
		9E08AF1E1F5D53C100AC96F9 /* PBXTargetDependency */ = {
			isa = PBXTargetDependency;
			target = 9E08AF021F5D53C100AC96F9 /* HJDFMDownload */;
			targetProxy = 9E08AF1D1F5D53C100AC96F9 /* PBXContainerItemProxy */;
		};
		9E08AF291F5D53C100AC96F9 /* PBXTargetDependency */ = {
			isa = PBXTargetDependency;
			target = 9E08AF021F5D53C100AC96F9 /* HJDFMDownload */;
			targetProxy = 9E08AF281F5D53C100AC96F9 /* PBXContainerItemProxy */;
		};
/* End PBXTargetDependency section */

/* Begin PBXVariantGroup section */
		9E08AF0F1F5D53C100AC96F9 /* Main.storyboard */ = {
			isa = PBXVariantGroup;
			children = (
				9E08AF101F5D53C100AC96F9 /* Base */,
			);
			name = Main.storyboard;
			sourceTree = "<group>";
		};
		9E08AF141F5D53C100AC96F9 /* LaunchScreen.storyboard */ = {
			isa = PBXVariantGroup;
			children = (
				9E08AF151F5D53C100AC96F9 /* Base */,
			);
			name = LaunchScreen.storyboard;
			sourceTree = "<group>";
		};
/* End PBXVariantGroup section */

/* Begin XCBuildConfiguration section */
		9E08AF2E1F5D53C100AC96F9 /* Debug */ = {
			isa = XCBuildConfiguration;
			buildSettings = {
				ALWAYS_SEARCH_USER_PATHS = NO;
				CLANG_ANALYZER_NONNULL = YES;
				CLANG_CXX_LANGUAGE_STANDARD = "gnu++0x";
				CLANG_CXX_LIBRARY = "libc++";
				CLANG_ENABLE_MODULES = YES;
				CLANG_ENABLE_OBJC_ARC = YES;
				CLANG_WARN_BOOL_CONVERSION = YES;
				CLANG_WARN_CONSTANT_CONVERSION = YES;
				CLANG_WARN_DIRECT_OBJC_ISA_USAGE = YES_ERROR;
				CLANG_WARN_DOCUMENTATION_COMMENTS = YES;
				CLANG_WARN_EMPTY_BODY = YES;
				CLANG_WARN_ENUM_CONVERSION = YES;
				CLANG_WARN_INFINITE_RECURSION = YES;
				CLANG_WARN_INT_CONVERSION = YES;
				CLANG_WARN_OBJC_ROOT_CLASS = YES_ERROR;
				CLANG_WARN_SUSPICIOUS_MOVES = YES;
				CLANG_WARN_UNREACHABLE_CODE = YES;
				CLANG_WARN__DUPLICATE_METHOD_MATCH = YES;
				"CODE_SIGN_IDENTITY[sdk=iphoneos*]" = "iPhone Developer";
				COPY_PHASE_STRIP = NO;
				DEBUG_INFORMATION_FORMAT = dwarf;
				ENABLE_STRICT_OBJC_MSGSEND = YES;
				ENABLE_TESTABILITY = YES;
				GCC_C_LANGUAGE_STANDARD = gnu99;
				GCC_DYNAMIC_NO_PIC = NO;
				GCC_NO_COMMON_BLOCKS = YES;
				GCC_OPTIMIZATION_LEVEL = 0;
				GCC_PREPROCESSOR_DEFINITIONS = (
					"DEBUG=1",
					"$(inherited)",
				);
				GCC_WARN_64_TO_32_BIT_CONVERSION = YES;
				GCC_WARN_ABOUT_RETURN_TYPE = YES_ERROR;
				GCC_WARN_UNDECLARED_SELECTOR = YES;
				GCC_WARN_UNINITIALIZED_AUTOS = YES_AGGRESSIVE;
				GCC_WARN_UNUSED_FUNCTION = YES;
				GCC_WARN_UNUSED_VARIABLE = YES;
				IPHONEOS_DEPLOYMENT_TARGET = 10.1;
				MTL_ENABLE_DEBUG_INFO = YES;
				ONLY_ACTIVE_ARCH = YES;
				SDKROOT = iphoneos;
			};
			name = Debug;
		};
		9E08AF2F1F5D53C100AC96F9 /* Release */ = {
			isa = XCBuildConfiguration;
			buildSettings = {
				ALWAYS_SEARCH_USER_PATHS = NO;
				CLANG_ANALYZER_NONNULL = YES;
				CLANG_CXX_LANGUAGE_STANDARD = "gnu++0x";
				CLANG_CXX_LIBRARY = "libc++";
				CLANG_ENABLE_MODULES = YES;
				CLANG_ENABLE_OBJC_ARC = YES;
				CLANG_WARN_BOOL_CONVERSION = YES;
				CLANG_WARN_CONSTANT_CONVERSION = YES;
				CLANG_WARN_DIRECT_OBJC_ISA_USAGE = YES_ERROR;
				CLANG_WARN_DOCUMENTATION_COMMENTS = YES;
				CLANG_WARN_EMPTY_BODY = YES;
				CLANG_WARN_ENUM_CONVERSION = YES;
				CLANG_WARN_INFINITE_RECURSION = YES;
				CLANG_WARN_INT_CONVERSION = YES;
				CLANG_WARN_OBJC_ROOT_CLASS = YES_ERROR;
				CLANG_WARN_SUSPICIOUS_MOVES = YES;
				CLANG_WARN_UNREACHABLE_CODE = YES;
				CLANG_WARN__DUPLICATE_METHOD_MATCH = YES;
				"CODE_SIGN_IDENTITY[sdk=iphoneos*]" = "iPhone Developer";
				COPY_PHASE_STRIP = NO;
				DEBUG_INFORMATION_FORMAT = "dwarf-with-dsym";
				ENABLE_NS_ASSERTIONS = NO;
				ENABLE_STRICT_OBJC_MSGSEND = YES;
				GCC_C_LANGUAGE_STANDARD = gnu99;
				GCC_NO_COMMON_BLOCKS = YES;
				GCC_WARN_64_TO_32_BIT_CONVERSION = YES;
				GCC_WARN_ABOUT_RETURN_TYPE = YES_ERROR;
				GCC_WARN_UNDECLARED_SELECTOR = YES;
				GCC_WARN_UNINITIALIZED_AUTOS = YES_AGGRESSIVE;
				GCC_WARN_UNUSED_FUNCTION = YES;
				GCC_WARN_UNUSED_VARIABLE = YES;
				IPHONEOS_DEPLOYMENT_TARGET = 10.1;
				MTL_ENABLE_DEBUG_INFO = NO;
				SDKROOT = iphoneos;
				VALIDATE_PRODUCT = YES;
			};
			name = Release;
		};
		9E08AF311F5D53C100AC96F9 /* Debug */ = {
			isa = XCBuildConfiguration;
			buildSettings = {
				ASSETCATALOG_COMPILER_APPICON_NAME = AppIcon;
				DEVELOPMENT_TEAM = F3WKH9T58E;
				INFOPLIST_FILE = HJDFMDownload/Info.plist;
				LD_RUNPATH_SEARCH_PATHS = "$(inherited) @executable_path/Frameworks";
				PRODUCT_BUNDLE_IDENTIFIER = com.dayou.HJDFMDownload;
				PRODUCT_NAME = "$(TARGET_NAME)";
			};
			name = Debug;
		};
		9E08AF321F5D53C100AC96F9 /* Release */ = {
			isa = XCBuildConfiguration;
			buildSettings = {
				ASSETCATALOG_COMPILER_APPICON_NAME = AppIcon;
				DEVELOPMENT_TEAM = F3WKH9T58E;
				INFOPLIST_FILE = HJDFMDownload/Info.plist;
				LD_RUNPATH_SEARCH_PATHS = "$(inherited) @executable_path/Frameworks";
				PRODUCT_BUNDLE_IDENTIFIER = com.dayou.HJDFMDownload;
				PRODUCT_NAME = "$(TARGET_NAME)";
			};
			name = Release;
		};
		9E08AF341F5D53C100AC96F9 /* Debug */ = {
			isa = XCBuildConfiguration;
			buildSettings = {
				BUNDLE_LOADER = "$(TEST_HOST)";
				DEVELOPMENT_TEAM = F3WKH9T58E;
				INFOPLIST_FILE = HJDFMDownloadTests/Info.plist;
				LD_RUNPATH_SEARCH_PATHS = "$(inherited) @executable_path/Frameworks @loader_path/Frameworks";
				PRODUCT_BUNDLE_IDENTIFIER = com.dayou.HJDFMDownloadTests;
				PRODUCT_NAME = "$(TARGET_NAME)";
				TEST_HOST = "$(BUILT_PRODUCTS_DIR)/HJDFMDownload.app/HJDFMDownload";
			};
			name = Debug;
		};
		9E08AF351F5D53C100AC96F9 /* Release */ = {
			isa = XCBuildConfiguration;
			buildSettings = {
				BUNDLE_LOADER = "$(TEST_HOST)";
				DEVELOPMENT_TEAM = F3WKH9T58E;
				INFOPLIST_FILE = HJDFMDownloadTests/Info.plist;
				LD_RUNPATH_SEARCH_PATHS = "$(inherited) @executable_path/Frameworks @loader_path/Frameworks";
				PRODUCT_BUNDLE_IDENTIFIER = com.dayou.HJDFMDownloadTests;
				PRODUCT_NAME = "$(TARGET_NAME)";
				TEST_HOST = "$(BUILT_PRODUCTS_DIR)/HJDFMDownload.app/HJDFMDownload";
			};
			name = Release;
		};
		9E08AF371F5D53C100AC96F9 /* Debug */ = {
			isa = XCBuildConfiguration;
			buildSettings = {
				DEVELOPMENT_TEAM = F3WKH9T58E;
				INFOPLIST_FILE = HJDFMDownloadUITests/Info.plist;
				LD_RUNPATH_SEARCH_PATHS = "$(inherited) @executable_path/Frameworks @loader_path/Frameworks";
				PRODUCT_BUNDLE_IDENTIFIER = com.dayou.HJDFMDownloadUITests;
				PRODUCT_NAME = "$(TARGET_NAME)";
				TEST_TARGET_NAME = HJDFMDownload;
			};
			name = Debug;
		};
		9E08AF381F5D53C100AC96F9 /* Release */ = {
			isa = XCBuildConfiguration;
			buildSettings = {
				DEVELOPMENT_TEAM = F3WKH9T58E;
				INFOPLIST_FILE = HJDFMDownloadUITests/Info.plist;
				LD_RUNPATH_SEARCH_PATHS = "$(inherited) @executable_path/Frameworks @loader_path/Frameworks";
				PRODUCT_BUNDLE_IDENTIFIER = com.dayou.HJDFMDownloadUITests;
				PRODUCT_NAME = "$(TARGET_NAME)";
				TEST_TARGET_NAME = HJDFMDownload;
			};
			name = Release;
		};
/* End XCBuildConfiguration section */

/* Begin XCConfigurationList section */
		9E08AEFE1F5D53C100AC96F9 /* Build configuration list for PBXProject "HJDFMDownload" */ = {
			isa = XCConfigurationList;
			buildConfigurations = (
				9E08AF2E1F5D53C100AC96F9 /* Debug */,
				9E08AF2F1F5D53C100AC96F9 /* Release */,
			);
			defaultConfigurationIsVisible = 0;
			defaultConfigurationName = Release;
		};
		9E08AF301F5D53C100AC96F9 /* Build configuration list for PBXNativeTarget "HJDFMDownload" */ = {
			isa = XCConfigurationList;
			buildConfigurations = (
				9E08AF311F5D53C100AC96F9 /* Debug */,
				9E08AF321F5D53C100AC96F9 /* Release */,
			);
			defaultConfigurationIsVisible = 0;
			defaultConfigurationName = Release;
		};
		9E08AF331F5D53C100AC96F9 /* Build configuration list for PBXNativeTarget "HJDFMDownloadTests" */ = {
			isa = XCConfigurationList;
			buildConfigurations = (
				9E08AF341F5D53C100AC96F9 /* Debug */,
				9E08AF351F5D53C100AC96F9 /* Release */,
			);
			defaultConfigurationIsVisible = 0;
			defaultConfigurationName = Release;
		};
		9E08AF361F5D53C100AC96F9 /* Build configuration list for PBXNativeTarget "HJDFMDownloadUITests" */ = {
			isa = XCConfigurationList;
			buildConfigurations = (
				9E08AF371F5D53C100AC96F9 /* Debug */,
				9E08AF381F5D53C100AC96F9 /* Release */,
			);
			defaultConfigurationIsVisible = 0;
			defaultConfigurationName = Release;
		};
/* End XCConfigurationList section */
	};
	rootObject = 9E08AEFB1F5D53C100AC96F9 /* Project object */;
}
